// !$*UTF8*$!
{
	archiveVersion = 1;
	classes = {
	};
	objectVersion = 50;
	objects = {

/* Begin PBXBuildFile section */
		652DD4B423B8D5FC0072C09C /* AppDelegate.swift in Sources */ = {isa = PBXBuildFile; fileRef = 652DD4B323B8D5FC0072C09C /* AppDelegate.swift */; };
		652DD4B623B8D5FC0072C09C /* SceneDelegate.swift in Sources */ = {isa = PBXBuildFile; fileRef = 652DD4B523B8D5FC0072C09C /* SceneDelegate.swift */; };
		652DD4B823B8D5FC0072C09C /* ViewController.swift in Sources */ = {isa = PBXBuildFile; fileRef = 652DD4B723B8D5FC0072C09C /* ViewController.swift */; };
		652DD4BB23B8D5FC0072C09C /* Main.storyboard in Resources */ = {isa = PBXBuildFile; fileRef = 652DD4B923B8D5FC0072C09C /* Main.storyboard */; };
		652DD4BD23B8D5FE0072C09C /* Assets.xcassets in Resources */ = {isa = PBXBuildFile; fileRef = 652DD4BC23B8D5FE0072C09C /* Assets.xcassets */; };
		652DD4C023B8D5FE0072C09C /* LaunchScreen.storyboard in Resources */ = {isa = PBXBuildFile; fileRef = 652DD4BE23B8D5FE0072C09C /* LaunchScreen.storyboard */; };
		658F885623B95840004AA3E4 /* numberOfLines.xib in Resources */ = {isa = PBXBuildFile; fileRef = 658F885523B95840004AA3E4 /* numberOfLines.xib */; };
/* End PBXBuildFile section */

/* Begin PBXFileReference section */
		652DD4B023B8D5FC0072C09C /* stactkviewTutorial.app */ = {isa = PBXFileReference; explicitFileType = wrapper.application; includeInIndex = 0; path = stactkviewTutorial.app; sourceTree = BUILT_PRODUCTS_DIR; };
		652DD4B323B8D5FC0072C09C /* AppDelegate.swift */ = {isa = PBXFileReference; lastKnownFileType = sourcecode.swift; path = AppDelegate.swift; sourceTree = "<group>"; };
		652DD4B523B8D5FC0072C09C /* SceneDelegate.swift */ = {isa = PBXFileReference; lastKnownFileType = sourcecode.swift; path = SceneDelegate.swift; sourceTree = "<group>"; };
		652DD4B723B8D5FC0072C09C /* ViewController.swift */ = {isa = PBXFileReference; lastKnownFileType = sourcecode.swift; path = ViewController.swift; sourceTree = "<group>"; };
		652DD4BA23B8D5FC0072C09C /* Base */ = {isa = PBXFileReference; lastKnownFileType = file.storyboard; name = Base; path = Base.lproj/Main.storyboard; sourceTree = "<group>"; };
		652DD4BC23B8D5FE0072C09C /* Assets.xcassets */ = {isa = PBXFileReference; lastKnownFileType = folder.assetcatalog; path = Assets.xcassets; sourceTree = "<group>"; };
		652DD4BF23B8D5FE0072C09C /* Base */ = {isa = PBXFileReference; lastKnownFileType = file.storyboard; name = Base; path = Base.lproj/LaunchScreen.storyboard; sourceTree = "<group>"; };
		652DD4C123B8D5FE0072C09C /* Info.plist */ = {isa = PBXFileReference; lastKnownFileType = text.plist.xml; path = Info.plist; sourceTree = "<group>"; };
		658F885523B95840004AA3E4 /* numberOfLines.xib */ = {isa = PBXFileReference; lastKnownFileType = file.xib; path = numberOfLines.xib; sourceTree = "<group>"; };
/* End PBXFileReference section */

/* Begin PBXFrameworksBuildPhase section */
		652DD4AD23B8D5FC0072C09C /* Frameworks */ = {
			isa = PBXFrameworksBuildPhase;
			buildActionMask = 2147483647;
			files = (
			);
			runOnlyForDeploymentPostprocessing = 0;
		};
/* End PBXFrameworksBuildPhase section */

/* Begin PBXGroup section */
		652DD4A723B8D5FC0072C09C = {
			isa = PBXGroup;
			children = (
				652DD4B223B8D5FC0072C09C /* stactkviewTutorial */,
				652DD4B123B8D5FC0072C09C /* Products */,
			);
			sourceTree = "<group>";
		};
		652DD4B123B8D5FC0072C09C /* Products */ = {
			isa = PBXGroup;
			children = (
				652DD4B023B8D5FC0072C09C /* stactkviewTutorial.app */,
			);
			name = Products;
			sourceTree = "<group>";
		};
		652DD4B223B8D5FC0072C09C /* stactkviewTutorial */ = {
			isa = PBXGroup;
			children = (
				652DD4B323B8D5FC0072C09C /* AppDelegate.swift */,
				652DD4B523B8D5FC0072C09C /* SceneDelegate.swift */,
				652DD4B723B8D5FC0072C09C /* ViewController.swift */,
				652DD4B923B8D5FC0072C09C /* Main.storyboard */,
				652DD4BC23B8D5FE0072C09C /* Assets.xcassets */,
				652DD4BE23B8D5FE0072C09C /* LaunchScreen.storyboard */,
				652DD4C123B8D5FE0072C09C /* Info.plist */,
				658F885523B95840004AA3E4 /* numberOfLines.xib */,
			);
			path = stactkviewTutorial;
			sourceTree = "<group>";
		};
/* End PBXGroup section */

/* Begin PBXNativeTarget section */
		652DD4AF23B8D5FC0072C09C /* stactkviewTutorial */ = {
			isa = PBXNativeTarget;
			buildConfigurationList = 652DD4C423B8D5FE0072C09C /* Build configuration list for PBXNativeTarget "stactkviewTutorial" */;
			buildPhases = (
				652DD4AC23B8D5FC0072C09C /* Sources */,
				652DD4AD23B8D5FC0072C09C /* Frameworks */,
				652DD4AE23B8D5FC0072C09C /* Resources */,
			);
			buildRules = (
			);
			dependencies = (
			);
			name = stactkviewTutorial;
			productName = stactkviewTutorial;
			productReference = 652DD4B023B8D5FC0072C09C /* stactkviewTutorial.app */;
			productType = "com.apple.product-type.application";
		};
/* End PBXNativeTarget section */

/* Begin PBXProject section */
		652DD4A823B8D5FC0072C09C /* Project object */ = {
			isa = PBXProject;
			attributes = {
				LastSwiftUpdateCheck = 1130;
				LastUpgradeCheck = 1130;
				ORGANIZATIONNAME = Dolap;
				TargetAttributes = {
					652DD4AF23B8D5FC0072C09C = {
						CreatedOnToolsVersion = 11.3;
					};
				};
			};
			buildConfigurationList = 652DD4AB23B8D5FC0072C09C /* Build configuration list for PBXProject "stactkviewTutorial" */;
			compatibilityVersion = "Xcode 9.3";
			developmentRegion = en;
			hasScannedForEncodings = 0;
			knownRegions = (
				en,
				Base,
			);
			mainGroup = 652DD4A723B8D5FC0072C09C;
			productRefGroup = 652DD4B123B8D5FC0072C09C /* Products */;
			projectDirPath = "";
			projectRoot = "";
			targets = (
				652DD4AF23B8D5FC0072C09C /* stactkviewTutorial */,
			);
		};
/* End PBXProject section */

/* Begin PBXResourcesBuildPhase section */
		652DD4AE23B8D5FC0072C09C /* Resources */ = {
			isa = PBXResourcesBuildPhase;
			buildActionMask = 2147483647;
			files = (
				652DD4C023B8D5FE0072C09C /* LaunchScreen.storyboard in Resources */,
				652DD4BD23B8D5FE0072C09C /* Assets.xcassets in Resources */,
				652DD4BB23B8D5FC0072C09C /* Main.storyboard in Resources */,
				658F885623B95840004AA3E4 /* numberOfLines.xib in Resources */,
			);
			runOnlyForDeploymentPostprocessing = 0;
		};
/* End PBXResourcesBuildPhase section */

/* Begin PBXSourcesBuildPhase section */
		652DD4AC23B8D5FC0072C09C /* Sources */ = {
			isa = PBXSourcesBuildPhase;
			buildActionMask = 2147483647;
			files = (
				652DD4B823B8D5FC0072C09C /* ViewController.swift in Sources */,
				652DD4B423B8D5FC0072C09C /* AppDelegate.swift in Sources */,
				652DD4B623B8D5FC0072C09C /* SceneDelegate.swift in Sources */,
			);
			runOnlyForDeploymentPostprocessing = 0;
		};
/* End PBXSourcesBuildPhase section */

/* Begin PBXVariantGroup section */
		652DD4B923B8D5FC0072C09C /* Main.storyboard */ = {
			isa = PBXVariantGroup;
			children = (
				652DD4BA23B8D5FC0072C09C /* Base */,
			);
			name = Main.storyboard;
			sourceTree = "<group>";
		};
		652DD4BE23B8D5FE0072C09C /* LaunchScreen.storyboard */ = {
			isa = PBXVariantGroup;
			children = (
				652DD4BF23B8D5FE0072C09C /* Base */,
			);
			name = LaunchScreen.storyboard;
			sourceTree = "<group>";
		};
/* End PBXVariantGroup section */

/* Begin XCBuildConfiguration section */
		652DD4C223B8D5FE0072C09C /* Debug */ = {
			isa = XCBuildConfiguration;
			buildSettings = {
				ALWAYS_SEARCH_USER_PATHS = NO;
				CLANG_ANALYZER_NONNULL = YES;
				CLANG_ANALYZER_NUMBER_OBJECT_CONVERSION = YES_AGGRESSIVE;
				CLANG_CXX_LANGUAGE_STANDARD = "gnu++14";
				CLANG_CXX_LIBRARY = "libc++";
				CLANG_ENABLE_MODULES = YES;
				CLANG_ENABLE_OBJC_ARC = YES;
				CLANG_ENABLE_OBJC_WEAK = YES;
				CLANG_WARN_BLOCK_CAPTURE_AUTORELEASING = YES;
				CLANG_WARN_BOOL_CONVERSION = YES;
				CLANG_WARN_COMMA = YES;
				CLANG_WARN_CONSTANT_CONVERSION = YES;
				CLANG_WARN_DEPRECATED_OBJC_IMPLEMENTATIONS = YES;
				CLANG_WARN_DIRECT_OBJC_ISA_USAGE = YES_ERROR;
				CLANG_WARN_DOCUMENTATION_COMMENTS = YES;
				CLANG_WARN_EMPTY_BODY = YES;
				CLANG_WARN_ENUM_CONVERSION = YES;
				CLANG_WARN_INFINITE_RECURSION = YES;
				CLANG_WARN_INT_CONVERSION = YES;
				CLANG_WARN_NON_LITERAL_NULL_CONVERSION = YES;
				CLANG_WARN_OBJC_IMPLICIT_RETAIN_SELF = YES;
				CLANG_WARN_OBJC_LITERAL_CONVERSION = YES;
				CLANG_WARN_OBJC_ROOT_CLASS = YES_ERROR;
				CLANG_WARN_RANGE_LOOP_ANALYSIS = YES;
				CLANG_WARN_STRICT_PROTOTYPES = YES;
				CLANG_WARN_SUSPICIOUS_MOVE = YES;
				CLANG_WARN_UNGUARDED_AVAILABILITY = YES_AGGRESSIVE;
				CLANG_WARN_UNREACHABLE_CODE = YES;
				CLANG_WARN__DUPLICATE_METHOD_MATCH = YES;
				COPY_PHASE_STRIP = NO;
				DEBUG_INFORMATION_FORMAT = dwarf;
				ENABLE_STRICT_OBJC_MSGSEND = YES;
				ENABLE_TESTABILITY = YES;
				GCC_C_LANGUAGE_STANDARD = gnu11;
				GCC_DYNAMIC_NO_PIC = NO;
				GCC_NO_COMMON_BLOCKS = YES;
				GCC_OPTIMIZATION_LEVEL = 0;
				GCC_PREPROCESSOR_DEFINITIONS = (
					"DEBUG=1",
					"$(inherited)",
				);
				GCC_WARN_64_TO_32_BIT_CONVERSION = YES;
				GCC_WARN_ABOUT_RETURN_TYPE = YES_ERROR;
				GCC_WARN_UNDECLARED_SELECTOR = YES;
				GCC_WARN_UNINITIALIZED_AUTOS = YES_AGGRESSIVE;
				GCC_WARN_UNUSED_FUNCTION = YES;
				GCC_WARN_UNUSED_VARIABLE = YES;
				IPHONEOS_DEPLOYMENT_TARGET = 13.2;
				MTL_ENABLE_DEBUG_INFO = INCLUDE_SOURCE;
				MTL_FAST_MATH = YES;
				ONLY_ACTIVE_ARCH = YES;
				SDKROOT = iphoneos;
				SWIFT_ACTIVE_COMPILATION_CONDITIONS = DEBUG;
				SWIFT_OPTIMIZATION_LEVEL = "-Onone";
			};
			name = Debug;
		};
		652DD4C323B8D5FE0072C09C /* Release */ = {
			isa = XCBuildConfiguration;
			buildSettings = {
				ALWAYS_SEARCH_USER_PATHS = NO;
				CLANG_ANALYZER_NONNULL = YES;
				CLANG_ANALYZER_NUMBER_OBJECT_CONVERSION = YES_AGGRESSIVE;
				CLANG_CXX_LANGUAGE_STANDARD = "gnu++14";
				CLANG_CXX_LIBRARY = "libc++";
				CLANG_ENABLE_MODULES = YES;
				CLANG_ENABLE_OBJC_ARC = YES;
				CLANG_ENABLE_OBJC_WEAK = YES;
				CLANG_WARN_BLOCK_CAPTURE_AUTORELEASING = YES;
				CLANG_WARN_BOOL_CONVERSION = YES;
				CLANG_WARN_COMMA = YES;
				CLANG_WARN_CONSTANT_CONVERSION = YES;
				CLANG_WARN_DEPRECATED_OBJC_IMPLEMENTATIONS = YES;
				CLANG_WARN_DIRECT_OBJC_ISA_USAGE = YES_ERROR;
				CLANG_WARN_DOCUMENTATION_COMMENTS = YES;
				CLANG_WARN_EMPTY_BODY = YES;
				CLANG_WARN_ENUM_CONVERSION = YES;
				CLANG_WARN_INFINITE_RECURSION = YES;
				CLANG_WARN_INT_CONVERSION = YES;
				CLANG_WARN_NON_LITERAL_NULL_CONVERSION = YES;
				CLANG_WARN_OBJC_IMPLICIT_RETAIN_SELF = YES;
				CLANG_WARN_OBJC_LITERAL_CONVERSION = YES;
				CLANG_WARN_OBJC_ROOT_CLASS = YES_ERROR;
				CLANG_WARN_RANGE_LOOP_ANALYSIS = YES;
				CLANG_WARN_STRICT_PROTOTYPES = YES;
				CLANG_WARN_SUSPICIOUS_MOVE = YES;
				CLANG_WARN_UNGUARDED_AVAILABILITY = YES_AGGRESSIVE;
				CLANG_WARN_UNREACHABLE_CODE = YES;
				CLANG_WARN__DUPLICATE_METHOD_MATCH = YES;
				COPY_PHASE_STRIP = NO;
				DEBUG_INFORMATION_FORMAT = "dwarf-with-dsym";
				ENABLE_NS_ASSERTIONS = NO;
				ENABLE_STRICT_OBJC_MSGSEND = YES;
				GCC_C_LANGUAGE_STANDARD = gnu11;
				GCC_NO_COMMON_BLOCKS = YES;
				GCC_WARN_64_TO_32_BIT_CONVERSION = YES;
				GCC_WARN_ABOUT_RETURN_TYPE = YES_ERROR;
				GCC_WARN_UNDECLARED_SELECTOR = YES;
				GCC_WARN_UNINITIALIZED_AUTOS = YES_AGGRESSIVE;
				GCC_WARN_UNUSED_FUNCTION = YES;
				GCC_WARN_UNUSED_VARIABLE = YES;
				IPHONEOS_DEPLOYMENT_TARGET = 13.2;
				MTL_ENABLE_DEBUG_INFO = NO;
				MTL_FAST_MATH = YES;
				SDKROOT = iphoneos;
				SWIFT_COMPILATION_MODE = wholemodule;
				SWIFT_OPTIMIZATION_LEVEL = "-O";
				VALIDATE_PRODUCT = YES;
			};
			name = Release;
		};
		652DD4C523B8D5FE0072C09C /* Debug */ = {
			isa = XCBuildConfiguration;
			buildSettings = {
				ASSETCATALOG_COMPILER_APPICON_NAME = AppIcon;
				CODE_SIGN_STYLE = Automatic;
				DEVELOPMENT_TEAM = "";
				INFOPLIST_FILE = stactkviewTutorial/Info.plist;
				LD_RUNPATH_SEARCH_PATHS = (
					"$(inherited)",
					"@executable_path/Frameworks",
				);
				PRODUCT_BUNDLE_IDENTIFIER = com.dolap.stactkviewTutorial;
				PRODUCT_NAME = "$(TARGET_NAME)";
				SWIFT_VERSION = 5.0;
				TARGETED_DEVICE_FAMILY = "1,2";
			};
			name = Debug;
		};
		652DD4C623B8D5FE0072C09C /* Release */ = {
			isa = XCBuildConfiguration;
			buildSettings = {
				ASSETCATALOG_COMPILER_APPICON_NAME = AppIcon;
				CODE_SIGN_STYLE = Automatic;
				DEVELOPMENT_TEAM = "";
				INFOPLIST_FILE = stactkviewTutorial/Info.plist;
				LD_RUNPATH_SEARCH_PATHS = (
					"$(inherited)",
					"@executable_path/Frameworks",
				);
				PRODUCT_BUNDLE_IDENTIFIER = com.dolap.stactkviewTutorial;
				PRODUCT_NAME = "$(TARGET_NAME)";
				SWIFT_VERSION = 5.0;
				TARGETED_DEVICE_FAMILY = "1,2";
			};
			name = Release;
		};
/* End XCBuildConfiguration section */

/* Begin XCConfigurationList section */
		652DD4AB23B8D5FC0072C09C /* Build configuration list for PBXProject "stactkviewTutorial" */ = {
			isa = XCConfigurationList;
			buildConfigurations = (
				652DD4C223B8D5FE0072C09C /* Debug */,
				652DD4C323B8D5FE0072C09C /* Release */,
			);
			defaultConfigurationIsVisible = 0;
			defaultConfigurationName = Release;
		};
		652DD4C423B8D5FE0072C09C /* Build configuration list for PBXNativeTarget "stactkviewTutorial" */ = {
			isa = XCConfigurationList;
			buildConfigurations = (
				652DD4C523B8D5FE0072C09C /* Debug */,
				652DD4C623B8D5FE0072C09C /* Release */,
			);
			defaultConfigurationIsVisible = 0;
			defaultConfigurationName = Release;
		};
/* End XCConfigurationList section */
	};
	rootObject = 652DD4A823B8D5FC0072C09C /* Project object */;
}
